
Microsoft Visual Studio Solution File, Format Version 12.00
# Visual Studio Version 17
VisualStudioVersion = 17.4.33103.184
MinimumVisualStudioVersion = 10.0.40219.1
Project("{9A19103F-16F7-4668-BE54-9A1E7A4F7556}") = "Synthesis Assignments", "Synthesis Assignments\Synthesis Assignments.csproj", "{71569461-1CFD-462A-BAAA-8C4A3F151EB4}"
EndProject
Project("{9A19103F-16F7-4668-BE54-9A1E7A4F7556}") = "BuisnessLogicLayer", "BuisnessLogicLayer\BuisnessLogicLayer.csproj", "{4DB0AA2A-6A3F-4E10-807C-AFE4CD61E290}"
EndProject
Project("{9A19103F-16F7-4668-BE54-9A1E7A4F7556}") = "DataAccessLayer", "DataAccessLayer\DataAccessLayer.csproj", "{7C95419F-2D93-4BBB-AAAA-171AC64A4BA5}"
	ProjectSection(ProjectDependencies) = postProject
		{5EAB6E1A-BAD8-4B5C-90E5-498976EF67CF} = {5EAB6E1A-BAD8-4B5C-90E5-498976EF67CF}
	EndProjectSection
EndProject
Project("{9A19103F-16F7-4668-BE54-9A1E7A4F7556}") = "Entities", "Entities\Entities.csproj", "{5EAB6E1A-BAD8-4B5C-90E5-498976EF67CF}"
EndProject
Project("{9A19103F-16F7-4668-BE54-9A1E7A4F7556}") = "PresentationLayer", "PresentationLayer\PresentationLayer.csproj", "{4CDA8FA2-2B11-4A1B-B6E2-6A2BC7BF447F}"
EndProject
Project("{9A19103F-16F7-4668-BE54-9A1E7A4F7556}") = "RealizationProvider", "RealizationProvider\RealizationProvider.csproj", "{249FB569-3D1E-4FEA-9B04-CB21FBA34C49}"
	ProjectSection(ProjectDependencies) = postProject
		{7C95419F-2D93-4BBB-AAAA-171AC64A4BA5} = {7C95419F-2D93-4BBB-AAAA-171AC64A4BA5}
	EndProjectSection
EndProject
Project("{9A19103F-16F7-4668-BE54-9A1E7A4F7556}") = "UnitTesting", "UnitTesting\UnitTesting.csproj", "{73BAAAD6-6ACC-455E-95F7-5E8C5380DF78}"
EndProject
Global
	GlobalSection(SolutionConfigurationPlatforms) = preSolution
		Debug|Any CPU = Debug|Any CPU
		Release|Any CPU = Release|Any CPU
	EndGlobalSection
	GlobalSection(ProjectConfigurationPlatforms) = postSolution
		{71569461-1CFD-462A-BAAA-8C4A3F151EB4}.Debug|Any CPU.ActiveCfg = Debug|Any CPU
		{71569461-1CFD-462A-BAAA-8C4A3F151EB4}.Debug|Any CPU.Build.0 = Debug|Any CPU
		{71569461-1CFD-462A-BAAA-8C4A3F151EB4}.Release|Any CPU.ActiveCfg = Release|Any CPU
		{71569461-1CFD-462A-BAAA-8C4A3F151EB4}.Release|Any CPU.Build.0 = Release|Any CPU
		{4DB0AA2A-6A3F-4E10-807C-AFE4CD61E290}.Debug|Any CPU.ActiveCfg = Debug|Any CPU
		{4DB0AA2A-6A3F-4E10-807C-AFE4CD61E290}.Debug|Any CPU.Build.0 = Debug|Any CPU
		{4DB0AA2A-6A3F-4E10-807C-AFE4CD61E290}.Release|Any CPU.ActiveCfg = Release|Any CPU
		{4DB0AA2A-6A3F-4E10-807C-AFE4CD61E290}.Release|Any CPU.Build.0 = Release|Any CPU
		{7C95419F-2D93-4BBB-AAAA-171AC64A4BA5}.Debug|Any CPU.ActiveCfg = Debug|Any CPU
		{7C95419F-2D93-4BBB-AAAA-171AC64A4BA5}.Debug|Any CPU.Build.0 = Debug|Any CPU
		{7C95419F-2D93-4BBB-AAAA-171AC64A4BA5}.Release|Any CPU.ActiveCfg = Release|Any CPU
		{7C95419F-2D93-4BBB-AAAA-171AC64A4BA5}.Release|Any CPU.Build.0 = Release|Any CPU
		{5EAB6E1A-BAD8-4B5C-90E5-498976EF67CF}.Debug|Any CPU.ActiveCfg = Debug|Any CPU
		{5EAB6E1A-BAD8-4B5C-90E5-498976EF67CF}.Debug|Any CPU.Build.0 = Debug|Any CPU
		{5EAB6E1A-BAD8-4B5C-90E5-498976EF67CF}.Release|Any CPU.ActiveCfg = Release|Any CPU
		{5EAB6E1A-BAD8-4B5C-90E5-498976EF67CF}.Release|Any CPU.Build.0 = Release|Any CPU
		{4CDA8FA2-2B11-4A1B-B6E2-6A2BC7BF447F}.Debug|Any CPU.ActiveCfg = Debug|Any CPU
		{4CDA8FA2-2B11-4A1B-B6E2-6A2BC7BF447F}.Debug|Any CPU.Build.0 = Debug|Any CPU
		{4CDA8FA2-2B11-4A1B-B6E2-6A2BC7BF447F}.Release|Any CPU.ActiveCfg = Release|Any CPU
		{4CDA8FA2-2B11-4A1B-B6E2-6A2BC7BF447F}.Release|Any CPU.Build.0 = Release|Any CPU
		{249FB569-3D1E-4FEA-9B04-CB21FBA34C49}.Debug|Any CPU.ActiveCfg = Debug|Any CPU
		{249FB569-3D1E-4FEA-9B04-CB21FBA34C49}.Debug|Any CPU.Build.0 = Debug|Any CPU
		{249FB569-3D1E-4FEA-9B04-CB21FBA34C49}.Release|Any CPU.ActiveCfg = Release|Any CPU
		{249FB569-3D1E-4FEA-9B04-CB21FBA34C49}.Release|Any CPU.Build.0 = Release|Any CPU
		{73BAAAD6-6ACC-455E-95F7-5E8C5380DF78}.Debug|Any CPU.ActiveCfg = Debug|Any CPU
		{73BAAAD6-6ACC-455E-95F7-5E8C5380DF78}.Debug|Any CPU.Build.0 = Debug|Any CPU
		{73BAAAD6-6ACC-455E-95F7-5E8C5380DF78}.Release|Any CPU.ActiveCfg = Release|Any CPU
		{73BAAAD6-6ACC-455E-95F7-5E8C5380DF78}.Release|Any CPU.Build.0 = Release|Any CPU
	EndGlobalSection
	GlobalSection(SolutionProperties) = preSolution
		HideSolutionNode = FALSE
	EndGlobalSection
	GlobalSection(ExtensibilityGlobals) = postSolution
		SolutionGuid = {2EEC01F4-3518-433D-B193-D1203C2D5242}
	EndGlobalSection
EndGlobal
